
Microsoft Visual Studio Solution File, Format Version 12.00
# Visual Studio Version 17
VisualStudioVersion = 17.0.31903.59
MinimumVisualStudioVersion = 10.0.40219.1
Project("{FAE04EC0-301F-11D3-BF4B-00C04F79EFBC}") = "API", "API\API.csproj", "{CE110D5F-C62D-4280-8860-AF86423A727A}"
EndProject
Project("{FAE04EC0-301F-11D3-BF4B-00C04F79EFBC}") = "Data", "Data\Data.csproj", "{7C2E0B6B-EAAF-43B8-B119-7EC64CE1E09B}"
EndProject
Project("{FAE04EC0-301F-11D3-BF4B-00C04F79EFBC}") = "Models", "Models\Models.csproj", "{70A0D2CC-20C9-45C1-8AC4-176C0429846B}"
EndProject
Project("{FAE04EC0-301F-11D3-BF4B-00C04F79EFBC}") = "Services", "Services\Services.csproj", "{B68B5992-2A06-4A41-ADF3-1A69F7C8846A}"
EndProject
Global
	GlobalSection(SolutionConfigurationPlatforms) = preSolution
		Debug|Any CPU = Debug|Any CPU
		Release|Any CPU = Release|Any CPU
	EndGlobalSection
	GlobalSection(SolutionProperties) = preSolution
		HideSolutionNode = FALSE
	EndGlobalSection
	GlobalSection(ProjectConfigurationPlatforms) = postSolution
		{CE110D5F-C62D-4280-8860-AF86423A727A}.Debug|Any CPU.ActiveCfg = Debug|Any CPU
		{CE110D5F-C62D-4280-8860-AF86423A727A}.Debug|Any CPU.Build.0 = Debug|Any CPU
		{CE110D5F-C62D-4280-8860-AF86423A727A}.Release|Any CPU.ActiveCfg = Release|Any CPU
		{CE110D5F-C62D-4280-8860-AF86423A727A}.Release|Any CPU.Build.0 = Release|Any CPU
		{7C2E0B6B-EAAF-43B8-B119-7EC64CE1E09B}.Debug|Any CPU.ActiveCfg = Debug|Any CPU
		{7C2E0B6B-EAAF-43B8-B119-7EC64CE1E09B}.Debug|Any CPU.Build.0 = Debug|Any CPU
		{7C2E0B6B-EAAF-43B8-B119-7EC64CE1E09B}.Release|Any CPU.ActiveCfg = Release|Any CPU
		{7C2E0B6B-EAAF-43B8-B119-7EC64CE1E09B}.Release|Any CPU.Build.0 = Release|Any CPU
		{70A0D2CC-20C9-45C1-8AC4-176C0429846B}.Debug|Any CPU.ActiveCfg = Debug|Any CPU
		{70A0D2CC-20C9-45C1-8AC4-176C0429846B}.Debug|Any CPU.Build.0 = Debug|Any CPU
		{70A0D2CC-20C9-45C1-8AC4-176C0429846B}.Release|Any CPU.ActiveCfg = Release|Any CPU
		{70A0D2CC-20C9-45C1-8AC4-176C0429846B}.Release|Any CPU.Build.0 = Release|Any CPU
		{B68B5992-2A06-4A41-ADF3-1A69F7C8846A}.Debug|Any CPU.ActiveCfg = Debug|Any CPU
		{B68B5992-2A06-4A41-ADF3-1A69F7C8846A}.Debug|Any CPU.Build.0 = Debug|Any CPU
		{B68B5992-2A06-4A41-ADF3-1A69F7C8846A}.Release|Any CPU.ActiveCfg = Release|Any CPU
		{B68B5992-2A06-4A41-ADF3-1A69F7C8846A}.Release|Any CPU.Build.0 = Release|Any CPU
	EndGlobalSection
EndGlobal
